
Microsoft Visual Studio Solution File, Format Version 12.00
# Visual Studio 2013
VisualStudioVersion = 12.0.21005.1
MinimumVisualStudioVersion = 10.0.40219.1
Project("{FAE04EC0-301F-11D3-BF4B-00C04F79EFBC}") = "Nancy.Razor.Helpers", "Nancy.Razor.Helpers\Nancy.Razor.Helpers.csproj", "{0C250C34-EEFC-4C48-978D-CCA58E810359}"
EndProject
Project("{FAE04EC0-301F-11D3-BF4B-00C04F79EFBC}") = "Nancy.Razor.Helpers.Tests", "Nancy.Razor.Helpers.Tests\Nancy.Razor.Helpers.Tests.csproj", "{6F492077-388D-43D1-82B3-9BD523226107}"
EndProject
Project("{2150E333-8FDC-42A3-9474-1A3956D46DE8}") = ".nuget", ".nuget", "{B55F6C88-C49C-48FE-9540-C2932681A0A5}"
	ProjectSection(SolutionItems) = preProject
		.nuget\NuGet.Config = .nuget\NuGet.Config
		.nuget\NuGet.exe = .nuget\NuGet.exe
		.nuget\NuGet.targets = .nuget\NuGet.targets
	EndProjectSection
EndProject
Global
	GlobalSection(SolutionConfigurationPlatforms) = preSolution
		Debug|Any CPU = Debug|Any CPU
		Release|Any CPU = Release|Any CPU
	EndGlobalSection
	GlobalSection(ProjectConfigurationPlatforms) = postSolution
		{0C250C34-EEFC-4C48-978D-CCA58E810359}.Debug|Any CPU.ActiveCfg = Debug|Any CPU
		{0C250C34-EEFC-4C48-978D-CCA58E810359}.Debug|Any CPU.Build.0 = Debug|Any CPU
		{0C250C34-EEFC-4C48-978D-CCA58E810359}.Release|Any CPU.ActiveCfg = Release|Any CPU
		{0C250C34-EEFC-4C48-978D-CCA58E810359}.Release|Any CPU.Build.0 = Release|Any CPU
		{6F492077-388D-43D1-82B3-9BD523226107}.Debug|Any CPU.ActiveCfg = Debug|Any CPU
		{6F492077-388D-43D1-82B3-9BD523226107}.Debug|Any CPU.Build.0 = Debug|Any CPU
		{6F492077-388D-43D1-82B3-9BD523226107}.Release|Any CPU.ActiveCfg = Release|Any CPU
		{6F492077-388D-43D1-82B3-9BD523226107}.Release|Any CPU.Build.0 = Release|Any CPU
	EndGlobalSection
	GlobalSection(SolutionProperties) = preSolution
		HideSolutionNode = FALSE
	EndGlobalSection
EndGlobal
